
Microsoft Visual Studio Solution File, Format Version 12.00
# Visual Studio 15
VisualStudioVersion = 15.0.28307.645
MinimumVisualStudioVersion = 10.0.40219.1
Project("{FAE04EC0-301F-11D3-BF4B-00C04F79EFBC}") = "FirTree", "FirTree\FirTree.csproj", "{59243475-0ACF-4BB4-A13C-DB87B11B7FEC}"
EndProject
Global
	GlobalSection(SolutionConfigurationPlatforms) = preSolution
		Debug|Any CPU = Debug|Any CPU
		Release|Any CPU = Release|Any CPU
	EndGlobalSection
	GlobalSection(ProjectConfigurationPlatforms) = postSolution
		{59243475-0ACF-4BB4-A13C-DB87B11B7FEC}.Debug|Any CPU.ActiveCfg = Debug|Any CPU
		{59243475-0ACF-4BB4-A13C-DB87B11B7FEC}.Debug|Any CPU.Build.0 = Debug|Any CPU
		{59243475-0ACF-4BB4-A13C-DB87B11B7FEC}.Release|Any CPU.ActiveCfg = Release|Any CPU
		{59243475-0ACF-4BB4-A13C-DB87B11B7FEC}.Release|Any CPU.Build.0 = Release|Any CPU
	EndGlobalSection
	GlobalSection(SolutionProperties) = preSolution
		HideSolutionNode = FALSE
	EndGlobalSection
	GlobalSection(ExtensibilityGlobals) = postSolution
		SolutionGuid = {F2170506-43B5-4B70-BA7F-A3E0082A4CDB}
	EndGlobalSection
EndGlobal
